// !$*UTF8*$!
{
	archiveVersion = 1;
	classes = {
	};
	objectVersion = 55;
	objects = {

/* Begin PBXBuildFile section */
		1FC27F3F2858F8F4005CF140 /* AppDelegate.swift in Sources */ = {isa = PBXBuildFile; fileRef = 1FC27F3E2858F8F4005CF140 /* AppDelegate.swift */; };
		1FC27F412858F8F4005CF140 /* SceneDelegate.swift in Sources */ = {isa = PBXBuildFile; fileRef = 1FC27F402858F8F4005CF140 /* SceneDelegate.swift */; };
		1FC27F432858F8F4005CF140 /* ViewController.swift in Sources */ = {isa = PBXBuildFile; fileRef = 1FC27F422858F8F4005CF140 /* ViewController.swift */; };
		1FC27F462858F8F4005CF140 /* Main.storyboard in Resources */ = {isa = PBXBuildFile; fileRef = 1FC27F442858F8F4005CF140 /* Main.storyboard */; };
		1FC27F492858F8F4005CF140 /* newProject.xcdatamodeld in Sources */ = {isa = PBXBuildFile; fileRef = 1FC27F472858F8F4005CF140 /* newProject.xcdatamodeld */; };
		1FC27F4B2858F8F5005CF140 /* Assets.xcassets in Resources */ = {isa = PBXBuildFile; fileRef = 1FC27F4A2858F8F5005CF140 /* Assets.xcassets */; };
		1FC27F4E2858F8F5005CF140 /* LaunchScreen.storyboard in Resources */ = {isa = PBXBuildFile; fileRef = 1FC27F4C2858F8F5005CF140 /* LaunchScreen.storyboard */; };
		1FC27F592858F8F5005CF140 /* newProjectTests.swift in Sources */ = {isa = PBXBuildFile; fileRef = 1FC27F582858F8F5005CF140 /* newProjectTests.swift */; };
		1FC27F632858F8F5005CF140 /* newProjectUITests.swift in Sources */ = {isa = PBXBuildFile; fileRef = 1FC27F622858F8F5005CF140 /* newProjectUITests.swift */; };
		1FC27F652858F8F5005CF140 /* newProjectUITestsLaunchTests.swift in Sources */ = {isa = PBXBuildFile; fileRef = 1FC27F642858F8F5005CF140 /* newProjectUITestsLaunchTests.swift */; };
/* End PBXBuildFile section */

/* Begin PBXContainerItemProxy section */
		1FC27F552858F8F5005CF140 /* PBXContainerItemProxy */ = {
			isa = PBXContainerItemProxy;
			containerPortal = 1FC27F332858F8F4005CF140 /* Project object */;
			proxyType = 1;
			remoteGlobalIDString = 1FC27F3A2858F8F4005CF140;
			remoteInfo = newProject;
		};
		1FC27F5F2858F8F5005CF140 /* PBXContainerItemProxy */ = {
			isa = PBXContainerItemProxy;
			containerPortal = 1FC27F332858F8F4005CF140 /* Project object */;
			proxyType = 1;
			remoteGlobalIDString = 1FC27F3A2858F8F4005CF140;
			remoteInfo = newProject;
		};
/* End PBXContainerItemProxy section */

/* Begin PBXFileReference section */
		1FC27F3B2858F8F4005CF140 /* newProject.app */ = {isa = PBXFileReference; explicitFileType = wrapper.application; includeInIndex = 0; path = newProject.app; sourceTree = BUILT_PRODUCTS_DIR; };
		1FC27F3E2858F8F4005CF140 /* AppDelegate.swift */ = {isa = PBXFileReference; lastKnownFileType = sourcecode.swift; path = AppDelegate.swift; sourceTree = "<group>"; };
		1FC27F402858F8F4005CF140 /* SceneDelegate.swift */ = {isa = PBXFileReference; lastKnownFileType = sourcecode.swift; path = SceneDelegate.swift; sourceTree = "<group>"; };
		1FC27F422858F8F4005CF140 /* ViewController.swift */ = {isa = PBXFileReference; lastKnownFileType = sourcecode.swift; path = ViewController.swift; sourceTree = "<group>"; };
		1FC27F452858F8F4005CF140 /* Base */ = {isa = PBXFileReference; lastKnownFileType = file.storyboard; name = Base; path = Base.lproj/Main.storyboard; sourceTree = "<group>"; };
		1FC27F482858F8F4005CF140 /* newProject.xcdatamodel */ = {isa = PBXFileReference; lastKnownFileType = wrapper.xcdatamodel; path = newProject.xcdatamodel; sourceTree = "<group>"; };
		1FC27F4A2858F8F5005CF140 /* Assets.xcassets */ = {isa = PBXFileReference; lastKnownFileType = folder.assetcatalog; path = Assets.xcassets; sourceTree = "<group>"; };
		1FC27F4D2858F8F5005CF140 /* Base */ = {isa = PBXFileReference; lastKnownFileType = file.storyboard; name = Base; path = Base.lproj/LaunchScreen.storyboard; sourceTree = "<group>"; };
		1FC27F4F2858F8F5005CF140 /* Info.plist */ = {isa = PBXFileReference; lastKnownFileType = text.plist.xml; path = Info.plist; sourceTree = "<group>"; };
		1FC27F542858F8F5005CF140 /* newProjectTests.xctest */ = {isa = PBXFileReference; explicitFileType = wrapper.cfbundle; includeInIndex = 0; path = newProjectTests.xctest; sourceTree = BUILT_PRODUCTS_DIR; };
		1FC27F582858F8F5005CF140 /* newProjectTests.swift */ = {isa = PBXFileReference; lastKnownFileType = sourcecode.swift; path = newProjectTests.swift; sourceTree = "<group>"; };
		1FC27F5E2858F8F5005CF140 /* newProjectUITests.xctest */ = {isa = PBXFileReference; explicitFileType = wrapper.cfbundle; includeInIndex = 0; path = newProjectUITests.xctest; sourceTree = BUILT_PRODUCTS_DIR; };
		1FC27F622858F8F5005CF140 /* newProjectUITests.swift */ = {isa = PBXFileReference; lastKnownFileType = sourcecode.swift; path = newProjectUITests.swift; sourceTree = "<group>"; };
		1FC27F642858F8F5005CF140 /* newProjectUITestsLaunchTests.swift */ = {isa = PBXFileReference; lastKnownFileType = sourcecode.swift; path = newProjectUITestsLaunchTests.swift; sourceTree = "<group>"; };
/* End PBXFileReference section */

/* Begin PBXFrameworksBuildPhase section */
		1FC27F382858F8F4005CF140 /* Frameworks */ = {
			isa = PBXFrameworksBuildPhase;
			buildActionMask = 2147483647;
			files = (
			);
			runOnlyForDeploymentPostprocessing = 0;
		};
		1FC27F512858F8F5005CF140 /* Frameworks */ = {
			isa = PBXFrameworksBuildPhase;
			buildActionMask = 2147483647;
			files = (
			);
			runOnlyForDeploymentPostprocessing = 0;
		};
		1FC27F5B2858F8F5005CF140 /* Frameworks */ = {
			isa = PBXFrameworksBuildPhase;
			buildActionMask = 2147483647;
			files = (
			);
			runOnlyForDeploymentPostprocessing = 0;
		};
/* End PBXFrameworksBuildPhase section */

/* Begin PBXGroup section */
		1FC27F322858F8F4005CF140 = {
			isa = PBXGroup;
			children = (
				1FC27F3D2858F8F4005CF140 /* newProject */,
				1FC27F572858F8F5005CF140 /* newProjectTests */,
				1FC27F612858F8F5005CF140 /* newProjectUITests */,
				1FC27F3C2858F8F4005CF140 /* Products */,
			);
			sourceTree = "<group>";
		};
		1FC27F3C2858F8F4005CF140 /* Products */ = {
			isa = PBXGroup;
			children = (
				1FC27F3B2858F8F4005CF140 /* newProject.app */,
				1FC27F542858F8F5005CF140 /* newProjectTests.xctest */,
				1FC27F5E2858F8F5005CF140 /* newProjectUITests.xctest */,
			);
			name = Products;
			sourceTree = "<group>";
		};
		1FC27F3D2858F8F4005CF140 /* newProject */ = {
			isa = PBXGroup;
			children = (
				1FC27F3E2858F8F4005CF140 /* AppDelegate.swift */,
				1FC27F402858F8F4005CF140 /* SceneDelegate.swift */,
				1FC27F422858F8F4005CF140 /* ViewController.swift */,
				1FC27F442858F8F4005CF140 /* Main.storyboard */,
				1FC27F4A2858F8F5005CF140 /* Assets.xcassets */,
				1FC27F4C2858F8F5005CF140 /* LaunchScreen.storyboard */,
				1FC27F4F2858F8F5005CF140 /* Info.plist */,
				1FC27F472858F8F4005CF140 /* newProject.xcdatamodeld */,
			);
			path = newProject;
			sourceTree = "<group>";
		};
		1FC27F572858F8F5005CF140 /* newProjectTests */ = {
			isa = PBXGroup;
			children = (
				1FC27F582858F8F5005CF140 /* newProjectTests.swift */,
			);
			path = newProjectTests;
			sourceTree = "<group>";
		};
		1FC27F612858F8F5005CF140 /* newProjectUITests */ = {
			isa = PBXGroup;
			children = (
				1FC27F622858F8F5005CF140 /* newProjectUITests.swift */,
				1FC27F642858F8F5005CF140 /* newProjectUITestsLaunchTests.swift */,
			);
			path = newProjectUITests;
			sourceTree = "<group>";
		};
/* End PBXGroup section */

/* Begin PBXNativeTarget section */
		1FC27F3A2858F8F4005CF140 /* newProject */ = {
			isa = PBXNativeTarget;
			buildConfigurationList = 1FC27F682858F8F5005CF140 /* Build configuration list for PBXNativeTarget "newProject" */;
			buildPhases = (
				1FC27F372858F8F4005CF140 /* Sources */,
				1FC27F382858F8F4005CF140 /* Frameworks */,
				1FC27F392858F8F4005CF140 /* Resources */,
			);
			buildRules = (
			);
			dependencies = (
			);
			name = newProject;
			productName = newProject;
			productReference = 1FC27F3B2858F8F4005CF140 /* newProject.app */;
			productType = "com.apple.product-type.application";
		};
		1FC27F532858F8F5005CF140 /* newProjectTests */ = {
			isa = PBXNativeTarget;
			buildConfigurationList = 1FC27F6B2858F8F5005CF140 /* Build configuration list for PBXNativeTarget "newProjectTests" */;
			buildPhases = (
				1FC27F502858F8F5005CF140 /* Sources */,
				1FC27F512858F8F5005CF140 /* Frameworks */,
				1FC27F522858F8F5005CF140 /* Resources */,
			);
			buildRules = (
			);
			dependencies = (
				1FC27F562858F8F5005CF140 /* PBXTargetDependency */,
			);
			name = newProjectTests;
			productName = newProjectTests;
			productReference = 1FC27F542858F8F5005CF140 /* newProjectTests.xctest */;
			productType = "com.apple.product-type.bundle.unit-test";
		};
		1FC27F5D2858F8F5005CF140 /* newProjectUITests */ = {
			isa = PBXNativeTarget;
			buildConfigurationList = 1FC27F6E2858F8F5005CF140 /* Build configuration list for PBXNativeTarget "newProjectUITests" */;
			buildPhases = (
				1FC27F5A2858F8F5005CF140 /* Sources */,
				1FC27F5B2858F8F5005CF140 /* Frameworks */,
				1FC27F5C2858F8F5005CF140 /* Resources */,
			);
			buildRules = (
			);
			dependencies = (
				1FC27F602858F8F5005CF140 /* PBXTargetDependency */,
			);
			name = newProjectUITests;
			productName = newProjectUITests;
			productReference = 1FC27F5E2858F8F5005CF140 /* newProjectUITests.xctest */;
			productType = "com.apple.product-type.bundle.ui-testing";
		};
/* End PBXNativeTarget section */

/* Begin PBXProject section */
		1FC27F332858F8F4005CF140 /* Project object */ = {
			isa = PBXProject;
			attributes = {
				BuildIndependentTargetsInParallel = 1;
				LastSwiftUpdateCheck = 1340;
				LastUpgradeCheck = 1340;
				TargetAttributes = {
					1FC27F3A2858F8F4005CF140 = {
						CreatedOnToolsVersion = 13.4.1;
					};
					1FC27F532858F8F5005CF140 = {
						CreatedOnToolsVersion = 13.4.1;
						TestTargetID = 1FC27F3A2858F8F4005CF140;
					};
					1FC27F5D2858F8F5005CF140 = {
						CreatedOnToolsVersion = 13.4.1;
						TestTargetID = 1FC27F3A2858F8F4005CF140;
					};
				};
			};
			buildConfigurationList = 1FC27F362858F8F4005CF140 /* Build configuration list for PBXProject "newProject" */;
			compatibilityVersion = "Xcode 13.0";
			developmentRegion = en;
			hasScannedForEncodings = 0;
			knownRegions = (
				en,
				Base,
			);
			mainGroup = 1FC27F322858F8F4005CF140;
			productRefGroup = 1FC27F3C2858F8F4005CF140 /* Products */;
			projectDirPath = "";
			projectRoot = "";
			targets = (
				1FC27F3A2858F8F4005CF140 /* newProject */,
				1FC27F532858F8F5005CF140 /* newProjectTests */,
				1FC27F5D2858F8F5005CF140 /* newProjectUITests */,
			);
		};
/* End PBXProject section */

/* Begin PBXResourcesBuildPhase section */
		1FC27F392858F8F4005CF140 /* Resources */ = {
			isa = PBXResourcesBuildPhase;
			buildActionMask = 2147483647;
			files = (
				1FC27F4E2858F8F5005CF140 /* LaunchScreen.storyboard in Resources */,
				1FC27F4B2858F8F5005CF140 /* Assets.xcassets in Resources */,
				1FC27F462858F8F4005CF140 /* Main.storyboard in Resources */,
			);
			runOnlyForDeploymentPostprocessing = 0;
		};
		1FC27F522858F8F5005CF140 /* Resources */ = {
			isa = PBXResourcesBuildPhase;
			buildActionMask = 2147483647;
			files = (
			);
			runOnlyForDeploymentPostprocessing = 0;
		};
		1FC27F5C2858F8F5005CF140 /* Resources */ = {
			isa = PBXResourcesBuildPhase;
			buildActionMask = 2147483647;
			files = (
			);
			runOnlyForDeploymentPostprocessing = 0;
		};
/* End PBXResourcesBuildPhase section */

/* Begin PBXSourcesBuildPhase section */
		1FC27F372858F8F4005CF140 /* Sources */ = {
			isa = PBXSourcesBuildPhase;
			buildActionMask = 2147483647;
			files = (
				1FC27F492858F8F4005CF140 /* newProject.xcdatamodeld in Sources */,
				1FC27F432858F8F4005CF140 /* ViewController.swift in Sources */,
				1FC27F3F2858F8F4005CF140 /* AppDelegate.swift in Sources */,
				1FC27F412858F8F4005CF140 /* SceneDelegate.swift in Sources */,
			);
			runOnlyForDeploymentPostprocessing = 0;
		};
		1FC27F502858F8F5005CF140 /* Sources */ = {
			isa = PBXSourcesBuildPhase;
			buildActionMask = 2147483647;
			files = (
				1FC27F592858F8F5005CF140 /* newProjectTests.swift in Sources */,
			);
			runOnlyForDeploymentPostprocessing = 0;
		};
		1FC27F5A2858F8F5005CF140 /* Sources */ = {
			isa = PBXSourcesBuildPhase;
			buildActionMask = 2147483647;
			files = (
				1FC27F632858F8F5005CF140 /* newProjectUITests.swift in Sources */,
				1FC27F652858F8F5005CF140 /* newProjectUITestsLaunchTests.swift in Sources */,
			);
			runOnlyForDeploymentPostprocessing = 0;
		};
/* End PBXSourcesBuildPhase section */

/* Begin PBXTargetDependency section */
		1FC27F562858F8F5005CF140 /* PBXTargetDependency */ = {
			isa = PBXTargetDependency;
			target = 1FC27F3A2858F8F4005CF140 /* newProject */;
			targetProxy = 1FC27F552858F8F5005CF140 /* PBXContainerItemProxy */;
		};
		1FC27F602858F8F5005CF140 /* PBXTargetDependency */ = {
			isa = PBXTargetDependency;
			target = 1FC27F3A2858F8F4005CF140 /* newProject */;
			targetProxy = 1FC27F5F2858F8F5005CF140 /* PBXContainerItemProxy */;
		};
/* End PBXTargetDependency section */

/* Begin PBXVariantGroup section */
		1FC27F442858F8F4005CF140 /* Main.storyboard */ = {
			isa = PBXVariantGroup;
			children = (
				1FC27F452858F8F4005CF140 /* Base */,
			);
			name = Main.storyboard;
			sourceTree = "<group>";
		};
		1FC27F4C2858F8F5005CF140 /* LaunchScreen.storyboard */ = {
			isa = PBXVariantGroup;
			children = (
				1FC27F4D2858F8F5005CF140 /* Base */,
			);
			name = LaunchScreen.storyboard;
			sourceTree = "<group>";
		};
/* End PBXVariantGroup section */

/* Begin XCBuildConfiguration section */
		1FC27F662858F8F5005CF140 /* Debug */ = {
			isa = XCBuildConfiguration;
			buildSettings = {
				ALWAYS_SEARCH_USER_PATHS = NO;
				CLANG_ANALYZER_NONNULL = YES;
				CLANG_ANALYZER_NUMBER_OBJECT_CONVERSION = YES_AGGRESSIVE;
				CLANG_CXX_LANGUAGE_STANDARD = "gnu++17";
				CLANG_ENABLE_MODULES = YES;
				CLANG_ENABLE_OBJC_ARC = YES;
				CLANG_ENABLE_OBJC_WEAK = YES;
				CLANG_WARN_BLOCK_CAPTURE_AUTORELEASING = YES;
				CLANG_WARN_BOOL_CONVERSION = YES;
				CLANG_WARN_COMMA = YES;
				CLANG_WARN_CONSTANT_CONVERSION = YES;
				CLANG_WARN_DEPRECATED_OBJC_IMPLEMENTATIONS = YES;
				CLANG_WARN_DIRECT_OBJC_ISA_USAGE = YES_ERROR;
				CLANG_WARN_DOCUMENTATION_COMMENTS = YES;
				CLANG_WARN_EMPTY_BODY = YES;
				CLANG_WARN_ENUM_CONVERSION = YES;
				CLANG_WARN_INFINITE_RECURSION = YES;
				CLANG_WARN_INT_CONVERSION = YES;
				CLANG_WARN_NON_LITERAL_NULL_CONVERSION = YES;
				CLANG_WARN_OBJC_IMPLICIT_RETAIN_SELF = YES;
				CLANG_WARN_OBJC_LITERAL_CONVERSION = YES;
				CLANG_WARN_OBJC_ROOT_CLASS = YES_ERROR;
				CLANG_WARN_QUOTED_INCLUDE_IN_FRAMEWORK_HEADER = YES;
				CLANG_WARN_RANGE_LOOP_ANALYSIS = YES;
				CLANG_WARN_STRICT_PROTOTYPES = YES;
				CLANG_WARN_SUSPICIOUS_MOVE = YES;
				CLANG_WARN_UNGUARDED_AVAILABILITY = YES_AGGRESSIVE;
				CLANG_WARN_UNREACHABLE_CODE = YES;
				CLANG_WARN__DUPLICATE_METHOD_MATCH = YES;
				COPY_PHASE_STRIP = NO;
				DEBUG_INFORMATION_FORMAT = dwarf;
				ENABLE_STRICT_OBJC_MSGSEND = YES;
				ENABLE_TESTABILITY = YES;
				GCC_C_LANGUAGE_STANDARD = gnu11;
				GCC_DYNAMIC_NO_PIC = NO;
				GCC_NO_COMMON_BLOCKS = YES;
				GCC_OPTIMIZATION_LEVEL = 0;
				GCC_PREPROCESSOR_DEFINITIONS = (
					"DEBUG=1",
					"$(inherited)",
				);
				GCC_WARN_64_TO_32_BIT_CONVERSION = YES;
				GCC_WARN_ABOUT_RETURN_TYPE = YES_ERROR;
				GCC_WARN_UNDECLARED_SELECTOR = YES;
				GCC_WARN_UNINITIALIZED_AUTOS = YES_AGGRESSIVE;
				GCC_WARN_UNUSED_FUNCTION = YES;
				GCC_WARN_UNUSED_VARIABLE = YES;
				IPHONEOS_DEPLOYMENT_TARGET = 15.5;
				MTL_ENABLE_DEBUG_INFO = INCLUDE_SOURCE;
				MTL_FAST_MATH = YES;
				ONLY_ACTIVE_ARCH = YES;
				SDKROOT = iphoneos;
				SWIFT_ACTIVE_COMPILATION_CONDITIONS = DEBUG;
				SWIFT_OPTIMIZATION_LEVEL = "-Onone";
			};
			name = Debug;
		};
		1FC27F672858F8F5005CF140 /* Release */ = {
			isa = XCBuildConfiguration;
			buildSettings = {
				ALWAYS_SEARCH_USER_PATHS = NO;
				CLANG_ANALYZER_NONNULL = YES;
				CLANG_ANALYZER_NUMBER_OBJECT_CONVERSION = YES_AGGRESSIVE;
				CLANG_CXX_LANGUAGE_STANDARD = "gnu++17";
				CLANG_ENABLE_MODULES = YES;
				CLANG_ENABLE_OBJC_ARC = YES;
				CLANG_ENABLE_OBJC_WEAK = YES;
				CLANG_WARN_BLOCK_CAPTURE_AUTORELEASING = YES;
				CLANG_WARN_BOOL_CONVERSION = YES;
				CLANG_WARN_COMMA = YES;
				CLANG_WARN_CONSTANT_CONVERSION = YES;
				CLANG_WARN_DEPRECATED_OBJC_IMPLEMENTATIONS = YES;
				CLANG_WARN_DIRECT_OBJC_ISA_USAGE = YES_ERROR;
				CLANG_WARN_DOCUMENTATION_COMMENTS = YES;
				CLANG_WARN_EMPTY_BODY = YES;
				CLANG_WARN_ENUM_CONVERSION = YES;
				CLANG_WARN_INFINITE_RECURSION = YES;
				CLANG_WARN_INT_CONVERSION = YES;
				CLANG_WARN_NON_LITERAL_NULL_CONVERSION = YES;
				CLANG_WARN_OBJC_IMPLICIT_RETAIN_SELF = YES;
				CLANG_WARN_OBJC_LITERAL_CONVERSION = YES;
				CLANG_WARN_OBJC_ROOT_CLASS = YES_ERROR;
				CLANG_WARN_QUOTED_INCLUDE_IN_FRAMEWORK_HEADER = YES;
				CLANG_WARN_RANGE_LOOP_ANALYSIS = YES;
				CLANG_WARN_STRICT_PROTOTYPES = YES;
				CLANG_WARN_SUSPICIOUS_MOVE = YES;
				CLANG_WARN_UNGUARDED_AVAILABILITY = YES_AGGRESSIVE;
				CLANG_WARN_UNREACHABLE_CODE = YES;
				CLANG_WARN__DUPLICATE_METHOD_MATCH = YES;
				COPY_PHASE_STRIP = NO;
				DEBUG_INFORMATION_FORMAT = "dwarf-with-dsym";
				ENABLE_NS_ASSERTIONS = NO;
				ENABLE_STRICT_OBJC_MSGSEND = YES;
				GCC_C_LANGUAGE_STANDARD = gnu11;
				GCC_NO_COMMON_BLOCKS = YES;
				GCC_WARN_64_TO_32_BIT_CONVERSION = YES;
				GCC_WARN_ABOUT_RETURN_TYPE = YES_ERROR;
				GCC_WARN_UNDECLARED_SELECTOR = YES;
				GCC_WARN_UNINITIALIZED_AUTOS = YES_AGGRESSIVE;
				GCC_WARN_UNUSED_FUNCTION = YES;
				GCC_WARN_UNUSED_VARIABLE = YES;
				IPHONEOS_DEPLOYMENT_TARGET = 15.5;
				MTL_ENABLE_DEBUG_INFO = NO;
				MTL_FAST_MATH = YES;
				SDKROOT = iphoneos;
				SWIFT_COMPILATION_MODE = wholemodule;
				SWIFT_OPTIMIZATION_LEVEL = "-O";
				VALIDATE_PRODUCT = YES;
			};
			name = Release;
		};
		1FC27F692858F8F5005CF140 /* Debug */ = {
			isa = XCBuildConfiguration;
			buildSettings = {
				ASSETCATALOG_COMPILER_APPICON_NAME = AppIcon;
				ASSETCATALOG_COMPILER_GLOBAL_ACCENT_COLOR_NAME = AccentColor;
				CODE_SIGN_STYLE = Automatic;
				CURRENT_PROJECT_VERSION = 1;
				DEVELOPMENT_TEAM = C3MD823899;
				GENERATE_INFOPLIST_FILE = YES;
				INFOPLIST_FILE = newProject/Info.plist;
				INFOPLIST_KEY_UIApplicationSupportsIndirectInputEvents = YES;
				INFOPLIST_KEY_UILaunchStoryboardName = LaunchScreen;
				INFOPLIST_KEY_UIMainStoryboardFile = Main;
				INFOPLIST_KEY_UISupportedInterfaceOrientations_iPad = "UIInterfaceOrientationPortrait UIInterfaceOrientationPortraitUpsideDown UIInterfaceOrientationLandscapeLeft UIInterfaceOrientationLandscapeRight";
				INFOPLIST_KEY_UISupportedInterfaceOrientations_iPhone = "UIInterfaceOrientationPortrait UIInterfaceOrientationLandscapeLeft UIInterfaceOrientationLandscapeRight";
				LD_RUNPATH_SEARCH_PATHS = (
					"$(inherited)",
					"@executable_path/Frameworks",
				);
				MARKETING_VERSION = 1.0;
				PRODUCT_BUNDLE_IDENTIFIER = "Rosie-Kennelly.newProject";
				PRODUCT_NAME = "$(TARGET_NAME)";
				SWIFT_EMIT_LOC_STRINGS = YES;
				SWIFT_VERSION = 5.0;
				TARGETED_DEVICE_FAMILY = "1,2";
			};
			name = Debug;
		};
		1FC27F6A2858F8F5005CF140 /* Release */ = {
			isa = XCBuildConfiguration;
			buildSettings = {
				ASSETCATALOG_COMPILER_APPICON_NAME = AppIcon;
				ASSETCATALOG_COMPILER_GLOBAL_ACCENT_COLOR_NAME = AccentColor;
				CODE_SIGN_STYLE = Automatic;
				CURRENT_PROJECT_VERSION = 1;
				DEVELOPMENT_TEAM = C3MD823899;
				GENERATE_INFOPLIST_FILE = YES;
				INFOPLIST_FILE = newProject/Info.plist;
				INFOPLIST_KEY_UIApplicationSupportsIndirectInputEvents = YES;
				INFOPLIST_KEY_UILaunchStoryboardName = LaunchScreen;
				INFOPLIST_KEY_UIMainStoryboardFile = Main;
				INFOPLIST_KEY_UISupportedInterfaceOrientations_iPad = "UIInterfaceOrientationPortrait UIInterfaceOrientationPortraitUpsideDown UIInterfaceOrientationLandscapeLeft UIInterfaceOrientationLandscapeRight";
				INFOPLIST_KEY_UISupportedInterfaceOrientations_iPhone = "UIInterfaceOrientationPortrait UIInterfaceOrientationLandscapeLeft UIInterfaceOrientationLandscapeRight";
				LD_RUNPATH_SEARCH_PATHS = (
					"$(inherited)",
					"@executable_path/Frameworks",
				);
				MARKETING_VERSION = 1.0;
				PRODUCT_BUNDLE_IDENTIFIER = "Rosie-Kennelly.newProject";
				PRODUCT_NAME = "$(TARGET_NAME)";
				SWIFT_EMIT_LOC_STRINGS = YES;
				SWIFT_VERSION = 5.0;
				TARGETED_DEVICE_FAMILY = "1,2";
			};
			name = Release;
		};
		1FC27F6C2858F8F5005CF140 /* Debug */ = {
			isa = XCBuildConfiguration;
			buildSettings = {
				ALWAYS_EMBED_SWIFT_STANDARD_LIBRARIES = YES;
				BUNDLE_LOADER = "$(TEST_HOST)";
				CODE_SIGN_STYLE = Automatic;
				CURRENT_PROJECT_VERSION = 1;
				DEVELOPMENT_TEAM = C3MD823899;
				GENERATE_INFOPLIST_FILE = YES;
				IPHONEOS_DEPLOYMENT_TARGET = 15.5;
				MARKETING_VERSION = 1.0;
				PRODUCT_BUNDLE_IDENTIFIER = "Rosie-Kennelly.newProjectTests";
				PRODUCT_NAME = "$(TARGET_NAME)";
				SWIFT_EMIT_LOC_STRINGS = NO;
				SWIFT_VERSION = 5.0;
				TARGETED_DEVICE_FAMILY = "1,2";
				TEST_HOST = "$(BUILT_PRODUCTS_DIR)/newProject.app/newProject";
			};
			name = Debug;
		};
		1FC27F6D2858F8F5005CF140 /* Release */ = {
			isa = XCBuildConfiguration;
			buildSettings = {
				ALWAYS_EMBED_SWIFT_STANDARD_LIBRARIES = YES;
				BUNDLE_LOADER = "$(TEST_HOST)";
				CODE_SIGN_STYLE = Automatic;
				CURRENT_PROJECT_VERSION = 1;
				DEVELOPMENT_TEAM = C3MD823899;
				GENERATE_INFOPLIST_FILE = YES;
				IPHONEOS_DEPLOYMENT_TARGET = 15.5;
				MARKETING_VERSION = 1.0;
				PRODUCT_BUNDLE_IDENTIFIER = "Rosie-Kennelly.newProjectTests";
				PRODUCT_NAME = "$(TARGET_NAME)";
				SWIFT_EMIT_LOC_STRINGS = NO;
				SWIFT_VERSION = 5.0;
				TARGETED_DEVICE_FAMILY = "1,2";
				TEST_HOST = "$(BUILT_PRODUCTS_DIR)/newProject.app/newProject";
			};
			name = Release;
		};
		1FC27F6F2858F8F5005CF140 /* Debug */ = {
			isa = XCBuildConfiguration;
			buildSettings = {
				ALWAYS_EMBED_SWIFT_STANDARD_LIBRARIES = YES;
				CODE_SIGN_STYLE = Automatic;
				CURRENT_PROJECT_VERSION = 1;
				DEVELOPMENT_TEAM = C3MD823899;
				GENERATE_INFOPLIST_FILE = YES;
				MARKETING_VERSION = 1.0;
				PRODUCT_BUNDLE_IDENTIFIER = "Rosie-Kennelly.newProjectUITests";
				PRODUCT_NAME = "$(TARGET_NAME)";
				SWIFT_EMIT_LOC_STRINGS = NO;
				SWIFT_VERSION = 5.0;
				TARGETED_DEVICE_FAMILY = "1,2";
				TEST_TARGET_NAME = newProject;
			};
			name = Debug;
		};
		1FC27F702858F8F5005CF140 /* Release */ = {
			isa = XCBuildConfiguration;
			buildSettings = {
				ALWAYS_EMBED_SWIFT_STANDARD_LIBRARIES = YES;
				CODE_SIGN_STYLE = Automatic;
				CURRENT_PROJECT_VERSION = 1;
				DEVELOPMENT_TEAM = C3MD823899;
				GENERATE_INFOPLIST_FILE = YES;
				MARKETING_VERSION = 1.0;
				PRODUCT_BUNDLE_IDENTIFIER = "Rosie-Kennelly.newProjectUITests";
				PRODUCT_NAME = "$(TARGET_NAME)";
				SWIFT_EMIT_LOC_STRINGS = NO;
				SWIFT_VERSION = 5.0;
				TARGETED_DEVICE_FAMILY = "1,2";
				TEST_TARGET_NAME = newProject;
			};
			name = Release;
		};
/* End XCBuildConfiguration section */

/* Begin XCConfigurationList section */
		1FC27F362858F8F4005CF140 /* Build configuration list for PBXProject "newProject" */ = {
			isa = XCConfigurationList;
			buildConfigurations = (
				1FC27F662858F8F5005CF140 /* Debug */,
				1FC27F672858F8F5005CF140 /* Release */,
			);
			defaultConfigurationIsVisible = 0;
			defaultConfigurationName = Release;
		};
		1FC27F682858F8F5005CF140 /* Build configuration list for PBXNativeTarget "newProject" */ = {
			isa = XCConfigurationList;
			buildConfigurations = (
				1FC27F692858F8F5005CF140 /* Debug */,
				1FC27F6A2858F8F5005CF140 /* Release */,
			);
			defaultConfigurationIsVisible = 0;
			defaultConfigurationName = Release;
		};
		1FC27F6B2858F8F5005CF140 /* Build configuration list for PBXNativeTarget "newProjectTests" */ = {
			isa = XCConfigurationList;
			buildConfigurations = (
				1FC27F6C2858F8F5005CF140 /* Debug */,
				1FC27F6D2858F8F5005CF140 /* Release */,
			);
			defaultConfigurationIsVisible = 0;
			defaultConfigurationName = Release;
		};
		1FC27F6E2858F8F5005CF140 /* Build configuration list for PBXNativeTarget "newProjectUITests" */ = {
			isa = XCConfigurationList;
			buildConfigurations = (
				1FC27F6F2858F8F5005CF140 /* Debug */,
				1FC27F702858F8F5005CF140 /* Release */,
			);
			defaultConfigurationIsVisible = 0;
			defaultConfigurationName = Release;
		};
/* End XCConfigurationList section */

/* Begin XCVersionGroup section */
		1FC27F472858F8F4005CF140 /* newProject.xcdatamodeld */ = {
			isa = XCVersionGroup;
			children = (
				1FC27F482858F8F4005CF140 /* newProject.xcdatamodel */,
			);
			currentVersion = 1FC27F482858F8F4005CF140 /* newProject.xcdatamodel */;
			path = newProject.xcdatamodeld;
			sourceTree = "<group>";
			versionGroupType = wrapper.xcdatamodel;
		};
/* End XCVersionGroup section */
	};
	rootObject = 1FC27F332858F8F4005CF140 /* Project object */;
}
